
Microsoft Visual Studio Solution File, Format Version 12.00
# Visual Studio Version 16
VisualStudioVersion = 16.0.29926.136
MinimumVisualStudioVersion = 10.0.40219.1
Project("{FAE04EC0-301F-11D3-BF4B-00C04F79EFBC}") = "Webcrawler.Service.Core", "Webcrawler.Service.Core\Webcrawler.Service.Core.csproj", "{D0CC46D4-4F14-4714-A8EA-5A05A8DE11B3}"
EndProject
Project("{FAE04EC0-301F-11D3-BF4B-00C04F79EFBC}") = "Webcrawler.DAL", "Webcrawler.DAL\Webcrawler.DAL.csproj", "{2811F7C5-9728-4887-86DF-938C83B0BC82}"
EndProject
Global
	GlobalSection(SolutionConfigurationPlatforms) = preSolution
		Debug|Any CPU = Debug|Any CPU
		Release|Any CPU = Release|Any CPU
	EndGlobalSection
	GlobalSection(ProjectConfigurationPlatforms) = postSolution
		{D0CC46D4-4F14-4714-A8EA-5A05A8DE11B3}.Debug|Any CPU.ActiveCfg = Debug|Any CPU
		{D0CC46D4-4F14-4714-A8EA-5A05A8DE11B3}.Debug|Any CPU.Build.0 = Debug|Any CPU
		{D0CC46D4-4F14-4714-A8EA-5A05A8DE11B3}.Release|Any CPU.ActiveCfg = Release|Any CPU
		{D0CC46D4-4F14-4714-A8EA-5A05A8DE11B3}.Release|Any CPU.Build.0 = Release|Any CPU
		{2811F7C5-9728-4887-86DF-938C83B0BC82}.Debug|Any CPU.ActiveCfg = Debug|Any CPU
		{2811F7C5-9728-4887-86DF-938C83B0BC82}.Debug|Any CPU.Build.0 = Debug|Any CPU
		{2811F7C5-9728-4887-86DF-938C83B0BC82}.Release|Any CPU.ActiveCfg = Release|Any CPU
		{2811F7C5-9728-4887-86DF-938C83B0BC82}.Release|Any CPU.Build.0 = Release|Any CPU
	EndGlobalSection
	GlobalSection(SolutionProperties) = preSolution
		HideSolutionNode = FALSE
	EndGlobalSection
	GlobalSection(ExtensibilityGlobals) = postSolution
		SolutionGuid = {C6ED5034-2283-45DB-9FD1-1255A77E85E6}
	EndGlobalSection
EndGlobal
