
Microsoft Visual Studio Solution File, Format Version 12.00
# Visual Studio Version 16
VisualStudioVersion = 16.0.29926.136
MinimumVisualStudioVersion = 10.0.40219.1
Project("{FAE04EC0-301F-11D3-BF4B-00C04F79EFBC}") = "Webcrawler.Service", "Webcrawler.Service\Webcrawler.Service.csproj", "{D8C609BC-A69B-4BFD-8A8E-D12A22D41505}"
EndProject
Global
	GlobalSection(SolutionConfigurationPlatforms) = preSolution
		Debug|Any CPU = Debug|Any CPU
		Release|Any CPU = Release|Any CPU
	EndGlobalSection
	GlobalSection(ProjectConfigurationPlatforms) = postSolution
		{D8C609BC-A69B-4BFD-8A8E-D12A22D41505}.Debug|Any CPU.ActiveCfg = Debug|Any CPU
		{D8C609BC-A69B-4BFD-8A8E-D12A22D41505}.Debug|Any CPU.Build.0 = Debug|Any CPU
		{D8C609BC-A69B-4BFD-8A8E-D12A22D41505}.Release|Any CPU.ActiveCfg = Release|Any CPU
		{D8C609BC-A69B-4BFD-8A8E-D12A22D41505}.Release|Any CPU.Build.0 = Release|Any CPU
	EndGlobalSection
	GlobalSection(SolutionProperties) = preSolution
		HideSolutionNode = FALSE
	EndGlobalSection
	GlobalSection(ExtensibilityGlobals) = postSolution
		SolutionGuid = {C6ED5034-2283-45DB-9FD1-1255A77E85E6}
	EndGlobalSection
EndGlobal
